
Microsoft Visual Studio Solution File, Format Version 12.00
# Visual Studio Version 17
VisualStudioVersion = 17.11.35005.142
MinimumVisualStudioVersion = 10.0.40219.1
Project("{9A19103F-16F7-4668-BE54-9A1E7A4F7556}") = "LiarsBarEnhance", "LiarsBarEnhance.csproj", "{318103A4-CDD7-4B11-A778-F8FEDE387761}"
EndProject
Global
	GlobalSection(SolutionConfigurationPlatforms) = preSolution
		Debug|Any CPU = Debug|Any CPU
		Release|Any CPU = Release|Any CPU
	EndGlobalSection
	GlobalSection(ProjectConfigurationPlatforms) = postSolution
		{318103A4-CDD7-4B11-A778-F8FEDE387761}.Debug|Any CPU.ActiveCfg = Debug|Any CPU
		{318103A4-CDD7-4B11-A778-F8FEDE387761}.Debug|Any CPU.Build.0 = Debug|Any CPU
		{318103A4-CDD7-4B11-A778-F8FEDE387761}.Release|Any CPU.ActiveCfg = Release|Any CPU
		{318103A4-CDD7-4B11-A778-F8FEDE387761}.Release|Any CPU.Build.0 = Release|Any CPU
	EndGlobalSection
	GlobalSection(SolutionProperties) = preSolution
		HideSolutionNode = FALSE
	EndGlobalSection
	GlobalSection(ExtensibilityGlobals) = postSolution
		SolutionGuid = {CD0BE7B8-6271-44F7-905E-8A3A8436384D}
	EndGlobalSection
EndGlobal
